{
  "lockfile_version": "1",
  "packages": {
    "doppler@latest": {
      "last_modified": "2025-06-24T02:18:21Z",
      "resolved": "github:NixOS/nixpkgs/69dfebb3d175bde602f612915c5576a41b18486b#doppler",
      "source": "devbox-search",
      "version": "3.75.1",
      "systems": {
        "aarch64-darwin": {
          "outputs": [
            {
              "name": "out",
              "path": "/nix/store/c1qmf8rjy3d8csvz7i5a39nc1cqxh61c-doppler-3.75.1",
              "default": true
            }
          ],
          "store_path": "/nix/store/c1qmf8rjy3d8csvz7i5a39nc1cqxh61c-doppler-3.75.1"
        },
        "aarch64-linux": {
          "outputs": [
            {
              "name": "out",
              "path": "/nix/store/j1d66b9lxvbk0wrin13hszdykqk0ap0i-doppler-3.75.1",
              "default": true
            }
          ],
          "store_path": "/nix/store/j1d66b9lxvbk0wrin13hszdykqk0ap0i-doppler-3.75.1"
        },
        "x86_64-darwin": {
          "outputs": [
            {
              "name": "out",
              "path": "/nix/store/p93xs8bc3zl39h44bdizx3am7jmlk3mf-doppler-3.75.1",
              "default": true
            }
          ],
          "store_path": "/nix/store/p93xs8bc3zl39h44bdizx3am7jmlk3mf-doppler-3.75.1"
        },
        "x86_64-linux": {
          "outputs": [
            {
              "name": "out",
              "path": "/nix/store/87nj4804pqibi8m1x6s1dl5jm8v423iv-doppler-3.75.1",
              "default": true
            }
          ],
          "store_path": "/nix/store/87nj4804pqibi8m1x6s1dl5jm8v423iv-doppler-3.75.1"
        }
      }
    },
    "gh@latest": {
      "last_modified": "2025-06-24T02:18:21Z",
      "resolved": "github:NixOS/nixpkgs/69dfebb3d175bde602f612915c5576a41b18486b#gh",
      "source": "devbox-search",
      "version": "2.74.2",
      "systems": {
        "aarch64-darwin": {
          "outputs": [
            {
              "name": "out",
              "path": "/nix/store/skd2pypjg31qkkg8cw75lmdrrfj0wpmp-gh-2.74.2",
              "default": true
            }
          ],
          "store_path": "/nix/store/skd2pypjg31qkkg8cw75lmdrrfj0wpmp-gh-2.74.2"
        },
        "aarch64-linux": {
          "outputs": [
            {
              "name": "out",
              "path": "/nix/store/csq39dvk7i297fhq0p84db03x0s9n5x3-gh-2.74.2",
              "default": true
            }
          ],
          "store_path": "/nix/store/csq39dvk7i297fhq0p84db03x0s9n5x3-gh-2.74.2"
        },
        "x86_64-darwin": {
          "outputs": [
            {
              "name": "out",
              "path": "/nix/store/c3822fczwp3x2p6274hw2ajqh9lah7jp-gh-2.74.2",
              "default": true
            }
          ],
          "store_path": "/nix/store/c3822fczwp3x2p6274hw2ajqh9lah7jp-gh-2.74.2"
        },
        "x86_64-linux": {
          "outputs": [
            {
              "name": "out",
              "path": "/nix/store/4gmr6h0aly4pngrlrvy12z98kyag1bpx-gh-2.74.2",
              "default": true
            }
          ],
          "store_path": "/nix/store/4gmr6h0aly4pngrlrvy12z98kyag1bpx-gh-2.74.2"
        }
      }
    },
    "git@latest": {
      "last_modified": "2025-06-20T02:24:11Z",
      "resolved": "github:NixOS/nixpkgs/076e8c6678d8c54204abcb4b1b14c366835a58bb#git",
      "source": "devbox-search",
      "version": "2.49.0",
      "systems": {
        "aarch64-darwin": {
          "outputs": [
            {
              "name": "out",
              "path": "/nix/store/ir2bhb7n3ngh0dg7p6jbhm1wa4d8gkb7-git-2.49.0",
              "default": true
            },
            {
              "name": "doc",
              "path": "/nix/store/f0bi1v08ki7pq6a4rzhjhnp5szj3940k-git-2.49.0-doc"
            }
          ],
          "store_path": "/nix/store/ir2bhb7n3ngh0dg7p6jbhm1wa4d8gkb7-git-2.49.0"
        },
        "aarch64-linux": {
          "outputs": [
            {
              "name": "out",
              "path": "/nix/store/5p8ljxbgnk31zxbz8hvrfkg1qfgiv3qi-git-2.49.0",
              "default": true
            },
            {
              "name": "debug",
              "path": "/nix/store/isw51rw1b78yw6k454m7h402k88n291w-git-2.49.0-debug"
            },
            {
              "name": "doc",
              "path": "/nix/store/hxw5vli42579b8bkxv6nq2p2z4vjvw97-git-2.49.0-doc"
            }
          ],
          "store_path": "/nix/store/5p8ljxbgnk31zxbz8hvrfkg1qfgiv3qi-git-2.49.0"
        },
        "x86_64-darwin": {
          "outputs": [
            {
              "name": "out",
              "path": "/nix/store/72qfjivfnm6kzdfbiavvici8bi3jzrs6-git-2.49.0",
              "default": true
            },
            {
              "name": "doc",
              "path": "/nix/store/900nidzjyaa0950wk104vzgb82h5wspi-git-2.49.0-doc"
            }
          ],
          "store_path": "/nix/store/72qfjivfnm6kzdfbiavvici8bi3jzrs6-git-2.49.0"
        },
        "x86_64-linux": {
          "outputs": [
            {
              "name": "out",
              "path": "/nix/store/rzqvhv48m3nh8g3j4k6jmz6yqy8apr95-git-2.49.0",
              "default": true
            },
            {
              "name": "debug",
              "path": "/nix/store/201xjz2py285323n3y7r30frdwbdnb6q-git-2.49.0-debug"
            },
            {
              "name": "doc",
              "path": "/nix/store/zcjdp82yx46w8yp1inxkkzb3a3k05a0m-git-2.49.0-doc"
            }
          ],
          "store_path": "/nix/store/rzqvhv48m3nh8g3j4k6jmz6yqy8apr95-git-2.49.0"
        }
      }
    },
    "github:NixOS/nixpkgs/nixpkgs-unstable": {
      "last_modified": "2025-06-08T16:50:33Z",
      "resolved": "github:NixOS/nixpkgs/08fcb0dcb59df0344652b38ea6326a2d8271baff?lastModified=1749401433&narHash=sha256-HXIQzULIG%2FMEUW2Q%2FSs47oE3QrjxvpUX7gUl4Xp6lnc%3D"
    },
    "glib@latest": {
      "last_modified": "2025-07-02T16:07:57Z",
      "resolved": "github:NixOS/nixpkgs/b32441ec0fae600e647cf4e6d6c245286a583106#glib",
      "source": "devbox-search",
      "version": "2.84.2",
      "systems": {
        "aarch64-darwin": {
          "outputs": [
            {
              "name": "bin",
              "path": "/nix/store/nlzxiwnzydqyn4i9783rr1dsb6vxvf18-glib-2.84.2-bin",
              "default": true
            },
            {
              "name": "dev",
              "path": "/nix/store/gg7w26rp7f3d6y9x9wjvr6pac4k17vn4-glib-2.84.2-dev"
            },
            {
              "name": "devdoc",
              "path": "/nix/store/1zcq42k23jvlgd69nbz4w499pbi95kdk-glib-2.84.2-devdoc"
            },
            {
              "name": "out",
              "path": "/nix/store/mz9r183s49w40dpb8mx518bf5cs6g3qq-glib-2.84.2"
            }
          ],
          "store_path": "/nix/store/nlzxiwnzydqyn4i9783rr1dsb6vxvf18-glib-2.84.2-bin"
        },
        "aarch64-linux": {
          "outputs": [
            {
              "name": "bin",
              "path": "/nix/store/9f9717f9190jv2xzdws4ihhrrk033kis-glib-2.84.2-bin",
              "default": true
            },
            {
              "name": "out",
              "path": "/nix/store/vxai75zadslgmzfd766gnv3wdmn8sypf-glib-2.84.2"
            },
            {
              "name": "debug",
              "path": "/nix/store/kvh1c3nsjav4baiixxbzxxqahvjgi5kh-glib-2.84.2-debug"
            },
            {
              "name": "dev",
              "path": "/nix/store/da8bg8lk4521my38l230m0zb30s0p7wn-glib-2.84.2-dev"
            },
            {
              "name": "devdoc",
              "path": "/nix/store/as9npb1c2l5dzi30fi8gzgyz13yarxf3-glib-2.84.2-devdoc"
            }
          ],
          "store_path": "/nix/store/9f9717f9190jv2xzdws4ihhrrk033kis-glib-2.84.2-bin"
        },
        "x86_64-darwin": {
          "outputs": [
            {
              "name": "bin",
              "path": "/nix/store/yys8sdkimcjxjmjvl4ssf39gjbn2bh8k-glib-2.84.2-bin",
              "default": true
            },
            {
              "name": "devdoc",
              "path": "/nix/store/0351q6hm812v9kwgiqzf6xv2ay9hcv01-glib-2.84.2-devdoc"
            },
            {
              "name": "out",
              "path": "/nix/store/x9m8k3yfprkac61g7h3z6dvchyn5j4cx-glib-2.84.2"
            },
            {
              "name": "dev",
              "path": "/nix/store/6w2h1aa5nj6ays4861n5ik3dgkch1nqq-glib-2.84.2-dev"
            }
          ],
          "store_path": "/nix/store/yys8sdkimcjxjmjvl4ssf39gjbn2bh8k-glib-2.84.2-bin"
        },
        "x86_64-linux": {
          "outputs": [
            {
              "name": "bin",
              "path": "/nix/store/rklrz4rwi03hxvz0kwh75vz55wb9b1qz-glib-2.84.2-bin",
              "default": true
            },
            {
              "name": "debug",
              "path": "/nix/store/m8z1g7fhmccc215mav3bk958l6jfppc3-glib-2.84.2-debug"
            },
            {
              "name": "dev",
              "path": "/nix/store/m9k83ip1yx29xs94sa5x8j70s2vfgj6i-glib-2.84.2-dev"
            },
            {
              "name": "devdoc",
              "path": "/nix/store/pmyf6vxv855psnx9hnp69jcnd2c2ng3l-glib-2.84.2-devdoc"
            },
            {
              "name": "out",
              "path": "/nix/store/8j6yqx8qfl0g1nwbshq3502hzv36gai6-glib-2.84.2"
            }
          ],
          "store_path": "/nix/store/rklrz4rwi03hxvz0kwh75vz55wb9b1qz-glib-2.84.2-bin"
        }
      }
    },
    "gnumake@latest": {
      "last_modified": "2025-06-20T02:24:11Z",
      "resolved": "github:NixOS/nixpkgs/076e8c6678d8c54204abcb4b1b14c366835a58bb#gnumake",
      "source": "devbox-search",
      "version": "4.4.1",
      "systems": {
        "aarch64-darwin": {
          "outputs": [
            {
              "name": "out",
              "path": "/nix/store/r7m07s173xa5nlii49999m0666i4sh27-gnumake-4.4.1",
              "default": true
            },
            {
              "name": "man",
              "path": "/nix/store/dk7vh49s82kl68y3pv4b5glmz31xh255-gnumake-4.4.1-man",
              "default": true
            },
            {
              "name": "info",
              "path": "/nix/store/39c179hnw4w0y9pikjxm9zvrsq9wxs6q-gnumake-4.4.1-info"
            }
          ],
          "store_path": "/nix/store/r7m07s173xa5nlii49999m0666i4sh27-gnumake-4.4.1"
        },
        "aarch64-linux": {
          "outputs": [
            {
              "name": "out",
              "path": "/nix/store/1yr3fp9z2a6bnfxyrg9r9a50cn0fgs1c-gnumake-4.4.1",
              "default": true
            },
            {
              "name": "man",
              "path": "/nix/store/8p351d8fiirsppiz0mmjanp4k40k8fb5-gnumake-4.4.1-man",
              "default": true
            },
            {
              "name": "debug",
              "path": "/nix/store/5n3plbn2w3my72ji83f3ffg1rykcj09m-gnumake-4.4.1-debug"
            },
            {
              "name": "info",
              "path": "/nix/store/yahicgkv1xprlqv6nlgzdyfivqmghpbi-gnumake-4.4.1-info"
            }
          ],
          "store_path": "/nix/store/1yr3fp9z2a6bnfxyrg9r9a50cn0fgs1c-gnumake-4.4.1"
        },
        "x86_64-darwin": {
          "outputs": [
            {
              "name": "out",
              "path": "/nix/store/m9l6dyxvkzlawlsb56gmj40ahlvhyg02-gnumake-4.4.1",
              "default": true
            },
            {
              "name": "man",
              "path": "/nix/store/fhf8z0n0qdrzim6jckj0kib749skibp7-gnumake-4.4.1-man",
              "default": true
            },
            {
              "name": "info",
              "path": "/nix/store/27x32j1ild76cv8aw3v89x0vzkz57g9b-gnumake-4.4.1-info"
            }
          ],
          "store_path": "/nix/store/m9l6dyxvkzlawlsb56gmj40ahlvhyg02-gnumake-4.4.1"
        },
        "x86_64-linux": {
          "outputs": [
            {
              "name": "out",
              "path": "/nix/store/20ljlr4fvln0pd2xcrhy6bm27bk1dnc7-gnumake-4.4.1",
              "default": true
            },
            {
              "name": "man",
              "path": "/nix/store/ylv36wr8356r4ff02nlw1h70cigx582h-gnumake-4.4.1-man",
              "default": true
            },
            {
              "name": "debug",
              "path": "/nix/store/6z5kdrm4iz98knwcf6bzkrrdnfc0y521-gnumake-4.4.1-debug"
            },
            {
              "name": "info",
              "path": "/nix/store/qjwiip462nkv8dand7zql6np4plzk8rq-gnumake-4.4.1-info"
            }
          ],
          "store_path": "/nix/store/20ljlr4fvln0pd2xcrhy6bm27bk1dnc7-gnumake-4.4.1"
        }
      }
    },
    "go-task@latest": {
      "last_modified": "2024-07-20T09:11:00Z",
      "resolved": "github:NixOS/nixpkgs/6e14bbce7bea6c4efd7adfa88a40dac750d80100#go-task",
      "source": "devbox-search",
      "version": "3.38.0",
      "systems": {
        "aarch64-darwin": {
          "outputs": [
            {
              "name": "out",
              "path": "/nix/store/4clgrxd19h07x7sy45fb5mj3qkshmvy1-go-task-3.38.0",
              "default": true
            }
          ],
          "store_path": "/nix/store/4clgrxd19h07x7sy45fb5mj3qkshmvy1-go-task-3.38.0"
        },
        "aarch64-linux": {
          "outputs": [
            {
              "name": "out",
              "path": "/nix/store/0icfyvbmfwnbfw1v9s5gv7l6fl1mc5g8-go-task-3.38.0",
              "default": true
            }
          ],
          "store_path": "/nix/store/0icfyvbmfwnbfw1v9s5gv7l6fl1mc5g8-go-task-3.38.0"
        },
        "x86_64-darwin": {
          "outputs": [
            {
              "name": "out",
              "path": "/nix/store/dw1h8gzlpsq0yxhvbi8fmks2j4sbljni-go-task-3.38.0",
              "default": true
            }
          ],
          "store_path": "/nix/store/dw1h8gzlpsq0yxhvbi8fmks2j4sbljni-go-task-3.38.0"
        },
        "x86_64-linux": {
          "outputs": [
            {
              "name": "out",
              "path": "/nix/store/6yg91y9vy4i0lxx24vn8f4gwp1vkiz1r-go-task-3.38.0",
              "default": true
            }
          ],
          "store_path": "/nix/store/6yg91y9vy4i0lxx24vn8f4gwp1vkiz1r-go-task-3.38.0"
        }
      }
    },
    "uv@latest": {
      "last_modified": "2024-07-21T11:05:48Z",
      "resolved": "github:NixOS/nixpkgs/c19d62ad2265b16e2199c5feb4650fe459ca1c46#uv",
      "source": "devbox-search",
      "version": "0.2.27",
      "systems": {
        "aarch64-darwin": {
          "outputs": [
            {
              "name": "out",
              "path": "/nix/store/sha362kr7k37lfwwli1yyi7y9qzi92wm-uv-0.2.27",
              "default": true
            },
            {
              "name": "dist",
              "path": "/nix/store/fnsshmcq6k6amxrhryn1zhxgvpxdm2wh-uv-0.2.27-dist"
            }
          ],
          "store_path": "/nix/store/sha362kr7k37lfwwli1yyi7y9qzi92wm-uv-0.2.27"
        },
        "aarch64-linux": {
          "outputs": [
            {
              "name": "out",
              "path": "/nix/store/nhhj09m43b70f10ihl24w1q10iysnpyk-uv-0.2.27",
              "default": true
            },
            {
              "name": "dist",
              "path": "/nix/store/pzivg131i8m0g8lhaq08i4q6ppdz4dwl-uv-0.2.27-dist"
            }
          ],
          "store_path": "/nix/store/nhhj09m43b70f10ihl24w1q10iysnpyk-uv-0.2.27"
        },
        "x86_64-darwin": {
          "outputs": [
            {
              "name": "out",
              "path": "/nix/store/qy1wprwa6a0rinbrj3f7zvfyb7w33avg-uv-0.2.27",
              "default": true
            },
            {
              "name": "dist",
              "path": "/nix/store/042izhgs7jwlkv3npg9kljz0wir6lka5-uv-0.2.27-dist"
            }
          ],
          "store_path": "/nix/store/qy1wprwa6a0rinbrj3f7zvfyb7w33avg-uv-0.2.27"
        },
        "x86_64-linux": {
          "outputs": [
            {
              "name": "out",
              "path": "/nix/store/cpp5a9p06n83ix8wsis1dbr0zw1hww41-uv-0.2.27",
              "default": true
            },
            {
              "name": "dist",
              "path": "/nix/store/hhfhnqw030azpv78dmz8dykhsrm4lc3b-uv-0.2.27-dist"
            }
          ],
          "store_path": "/nix/store/cpp5a9p06n83ix8wsis1dbr0zw1hww41-uv-0.2.27"
        }
      }
    }
  }
}
